# THIS IS AN AUTOGENERATED FILE. DO NOT EDIT THIS FILE DIRECTLY.
# yarn lockfile v1
accepts@1.1.4:
  version "1.1.4"
  resolved "https://registry.yarnpkg.com/accepts/-/accepts-1.1.4.tgz#d71c96f7d41d0feda2c38cd14e8a27c04158df4a"
  dependencies:
    mime-types "~2.0.4"
    negotiator "0.4.9"

adm-zip@^0.4.7:
  version "0.4.7"
  resolved "https://registry.yarnpkg.com/adm-zip/-/adm-zip-0.4.7.tgz#8606c2cbf1c426ce8c8ec00174447fd49b6eafc1"

after@0.8.1:
  version "0.8.1"
  resolved "https://registry.yarnpkg.com/after/-/after-0.8.1.tgz#ab5d4fb883f596816d3515f8f791c0af486dd627"

argparse@^1.0.7:
  version "1.0.9"
  resolved "https://registry.yarnpkg.com/argparse/-/argparse-1.0.9.tgz#73d83bc263f86e97f8cc4f6bae1b0e90a7d22c86"
  dependencies:
    sprintf-js "~1.0.2"

arraybuffer.slice@0.0.6:
  version "0.0.6"
  resolved "https://registry.yarnpkg.com/arraybuffer.slice/-/arraybuffer.slice-0.0.6.tgz#f33b2159f0532a3f3107a272c0ccfbd1ad2979ca"

balanced-match@^0.4.1:
  version "0.4.2"
  resolved "https://registry.yarnpkg.com/balanced-match/-/balanced-match-0.4.2.tgz#cb3f3e3c732dc0f01ee70b403f302e61d7709838"

base64-arraybuffer@0.1.2:
  version "0.1.2"
  resolved "https://registry.yarnpkg.com/base64-arraybuffer/-/base64-arraybuffer-0.1.2.tgz#474df4a9f2da24e05df3158c3b1db3c3cd46a154"

base64-arraybuffer@0.1.5:
  version "0.1.5"
  resolved "https://registry.yarnpkg.com/base64-arraybuffer/-/base64-arraybuffer-0.1.5.tgz#73926771923b5a19747ad666aa5cd4bf9c6e9ce8"

base64id@0.1.0:
  version "0.1.0"
  resolved "https://registry.yarnpkg.com/base64id/-/base64id-0.1.0.tgz#02ce0fdeee0cef4f40080e1e73e834f0b1bfce3f"

better-assert@~1.0.0:
  version "1.0.2"
  resolved "https://registry.yarnpkg.com/better-assert/-/better-assert-1.0.2.tgz#40866b9e1b9e0b55b481894311e68faffaebc522"
  dependencies:
    callsite "1.0.0"

blob@0.0.4:
  version "0.0.4"
  resolved "https://registry.yarnpkg.com/blob/-/blob-0.0.4.tgz#bcf13052ca54463f30f9fc7e95b9a47630a94921"

brace-expansion@^1.0.0:
  version "1.1.6"
  resolved "https://registry.yarnpkg.com/brace-expansion/-/brace-expansion-1.1.6.tgz#7197d7eaa9b87e648390ea61fc66c84427420df9"
  dependencies:
    balanced-match "^0.4.1"
    concat-map "0.0.1"

callsite@1.0.0:
  version "1.0.0"
  resolved "https://registry.yarnpkg.com/callsite/-/callsite-1.0.0.tgz#280398e5d664bd74038b6f0905153e6e8af1bc20"

colors@^1.0.3:
  version "1.1.2"
  resolved "https://registry.yarnpkg.com/colors/-/colors-1.1.2.tgz#168a4701756b6a7f51a12ce0c97bfa28c084ed63"

commander@^2.9.0:
  version "2.9.0"
  resolved "https://registry.yarnpkg.com/commander/-/commander-2.9.0.tgz#9c99094176e12240cb22d6c5146098400fe0f7d4"
  dependencies:
    graceful-readlink ">= 1.0.0"

component-emitter@1.1.2:
  version "1.1.2"
  resolved "https://registry.yarnpkg.com/component-emitter/-/component-emitter-1.1.2.tgz#296594f2753daa63996d2af08d15a95116c9aec3"

component-inherit@0.0.3:
  version "0.0.3"
  resolved "https://registry.yarnpkg.com/component-inherit/-/component-inherit-0.0.3.tgz#645fc4adf58b72b649d5cae65135619db26ff143"

concat-map@0.0.1:
  version "0.0.1"
  resolved "https://registry.yarnpkg.com/concat-map/-/concat-map-0.0.1.tgz#d8a96bd77fd68df7793a73036a3ba0d5405d477b"

debug@^2.1.2, debug@2.2.0:
  version "2.2.0"
  resolved "https://registry.yarnpkg.com/debug/-/debug-2.2.0.tgz#f87057e995b1a1f6ae6a4960664137bc56f039da"
  dependencies:
    ms "0.7.1"

deepstream.io:
  version "1.1.1"
  resolved "https://registry.yarnpkg.com/deepstream.io/-/deepstream.io-1.1.1.tgz#be0ab3d0625d41f118973da0f14145b166589139"
  dependencies:
    adm-zip "^0.4.7"
    colors "^1.0.3"
    commander "^2.9.0"
    engine.io "1.6.11"
    glob "^7.0.5"
    js-yaml "^3.6.1"
    mkdirp "^0.5.1"
    needle "^1.1.0"
  optionalDependencies:
    uws "^0.9.0"

deepstream.io-client-js:
  version "1.1.1"
  resolved "https://registry.yarnpkg.com/deepstream.io-client-js/-/deepstream.io-client-js-1.1.1.tgz#db5c3e8272d5c92a7b63596c34e8415429a90eaf"
  dependencies:
    component-emitter "1.1.2"
    engine.io-client "^1.6.11"

engine.io-client@^1.6.11:
  version "1.7.0"
  resolved "https://registry.yarnpkg.com/engine.io-client/-/engine.io-client-1.7.0.tgz#0bb81d3563ab7afb668f1e1b400c9403b03006ee"
  dependencies:
    component-emitter "1.1.2"
    component-inherit "0.0.3"
    debug "2.2.0"
    engine.io-parser "1.3.0"
    has-cors "1.1.0"
    indexof "0.0.1"
    parsejson "0.0.1"
    parseqs "0.0.2"
    parseuri "0.0.4"
    ws "1.1.1"
    xmlhttprequest-ssl "1.5.1"
    yeast "0.1.2"

engine.io-parser@1.2.4:
  version "1.2.4"
  resolved "https://registry.yarnpkg.com/engine.io-parser/-/engine.io-parser-1.2.4.tgz#e0897b0bf14e792d4cd2a5950553919c56948c42"
  dependencies:
    after "0.8.1"
    arraybuffer.slice "0.0.6"
    base64-arraybuffer "0.1.2"
    blob "0.0.4"
    has-binary "0.1.6"
    utf8 "2.1.0"

engine.io-parser@1.3.0:
  version "1.3.0"
  resolved "https://registry.yarnpkg.com/engine.io-parser/-/engine.io-parser-1.3.0.tgz#61a35c7f3a3ccd1b179e4f52257a7a8cfacaeb21"
  dependencies:
    after "0.8.1"
    arraybuffer.slice "0.0.6"
    base64-arraybuffer "0.1.5"
    blob "0.0.4"
    has-binary "0.1.6"
    wtf-8 "1.0.0"

engine.io@1.6.11:
  version "1.6.11"
  resolved "https://registry.yarnpkg.com/engine.io/-/engine.io-1.6.11.tgz#2533a97a65876c40ffcf95397b7ef9b495c423fe"
  dependencies:
    accepts "1.1.4"
    base64id "0.1.0"
    debug "2.2.0"
    engine.io-parser "1.2.4"
    ws "1.1.0"

esprima@^2.6.0:
  version "2.7.3"
  resolved "https://registry.yarnpkg.com/esprima/-/esprima-2.7.3.tgz#96e3b70d5779f6ad49cd032673d1c312767ba581"

fs.realpath@^1.0.0:
  version "1.0.0"
  resolved "https://registry.yarnpkg.com/fs.realpath/-/fs.realpath-1.0.0.tgz#1504ad2523158caa40db4a2787cb01411994ea4f"

glob@^7.0.5:
  version "7.1.1"
  resolved "https://registry.yarnpkg.com/glob/-/glob-7.1.1.tgz#805211df04faaf1c63a3600306cdf5ade50b2ec8"
  dependencies:
    fs.realpath "^1.0.0"
    inflight "^1.0.4"
    inherits "2"
    minimatch "^3.0.2"
    once "^1.3.0"
    path-is-absolute "^1.0.0"

"graceful-readlink@>= 1.0.0":
  version "1.0.1"
  resolved "https://registry.yarnpkg.com/graceful-readlink/-/graceful-readlink-1.0.1.tgz#4cafad76bc62f02fa039b2f94e9a3dd3a391a725"

has-binary@0.1.6:
  version "0.1.6"
  resolved "https://registry.yarnpkg.com/has-binary/-/has-binary-0.1.6.tgz#25326f39cfa4f616ad8787894e3af2cfbc7b6e10"
  dependencies:
    isarray "0.0.1"

has-cors@1.1.0:
  version "1.1.0"
  resolved "https://registry.yarnpkg.com/has-cors/-/has-cors-1.1.0.tgz#5e474793f7ea9843d1bb99c23eef49ff126fff39"

iconv-lite@^0.4.4:
  version "0.4.13"
  resolved "https://registry.yarnpkg.com/iconv-lite/-/iconv-lite-0.4.13.tgz#1f88aba4ab0b1508e8312acc39345f36e992e2f2"

indexof@0.0.1:
  version "0.0.1"
  resolved "https://registry.yarnpkg.com/indexof/-/indexof-0.0.1.tgz#82dc336d232b9062179d05ab3293a66059fd435d"

inflight@^1.0.4:
  version "1.0.6"
  resolved "https://registry.yarnpkg.com/inflight/-/inflight-1.0.6.tgz#49bd6331d7d02d0c09bc910a1075ba8165b56df9"
  dependencies:
    once "^1.3.0"
    wrappy "1"

inherits@2:
  version "2.0.3"
  resolved "https://registry.yarnpkg.com/inherits/-/inherits-2.0.3.tgz#633c2c83e3da42a502f52466022480f4208261de"

isarray@0.0.1:
  version "0.0.1"
  resolved "https://registry.yarnpkg.com/isarray/-/isarray-0.0.1.tgz#8a18acfca9a8f4177e09abfc6038939b05d1eedf"

js-yaml@^3.6.1:
  version "3.6.1"
  resolved "https://registry.yarnpkg.com/js-yaml/-/js-yaml-3.6.1.tgz#6e5fe67d8b205ce4d22fad05b7781e8dadcc4b30"
  dependencies:
    argparse "^1.0.7"
    esprima "^2.6.0"

lodash:
  version "4.16.4"
  resolved "https://registry.yarnpkg.com/lodash/-/lodash-4.16.4.tgz#01ce306b9bad1319f2a5528674f88297aeb70127"

mime-db@~1.12.0:
  version "1.12.0"
  resolved "https://registry.yarnpkg.com/mime-db/-/mime-db-1.12.0.tgz#3d0c63180f458eb10d325aaa37d7c58ae312e9d7"

mime-types@~2.0.4:
  version "2.0.14"
  resolved "https://registry.yarnpkg.com/mime-types/-/mime-types-2.0.14.tgz#310e159db23e077f8bb22b748dabfa4957140aa6"
  dependencies:
    mime-db "~1.12.0"

minimatch@^3.0.2:
  version "3.0.3"
  resolved "https://registry.yarnpkg.com/minimatch/-/minimatch-3.0.3.tgz#2a4e4090b96b2db06a9d7df01055a62a77c9b774"
  dependencies:
    brace-expansion "^1.0.0"

minimist@0.0.8:
  version "0.0.8"
  resolved "https://registry.yarnpkg.com/minimist/-/minimist-0.0.8.tgz#857fcabfc3397d2625b8228262e86aa7a011b05d"

mkdirp@^0.5.1:
  version "0.5.1"
  resolved "https://registry.yarnpkg.com/mkdirp/-/mkdirp-0.5.1.tgz#30057438eac6cf7f8c4767f38648d6697d75c903"
  dependencies:
    minimist "0.0.8"

ms@0.7.1:
  version "0.7.1"
  resolved "https://registry.yarnpkg.com/ms/-/ms-0.7.1.tgz#9cd13c03adbff25b65effde7ce864ee952017098"

needle@^1.1.0:
  version "1.1.2"
  resolved "https://registry.yarnpkg.com/needle/-/needle-1.1.2.tgz#d2841a125bfd74fefb30c0344104369061c3e13a"
  dependencies:
    debug "^2.1.2"
    iconv-lite "^0.4.4"

negotiator@0.4.9:
  version "0.4.9"
  resolved "https://registry.yarnpkg.com/negotiator/-/negotiator-0.4.9.tgz#92e46b6db53c7e421ed64a2bc94f08be7630df3f"

once@^1.3.0:
  version "1.4.0"
  resolved "https://registry.yarnpkg.com/once/-/once-1.4.0.tgz#583b1aa775961d4b113ac17d9c50baef9dd76bd1"
  dependencies:
    wrappy "1"

options@>=0.0.5:
  version "0.0.6"
  resolved "https://registry.yarnpkg.com/options/-/options-0.0.6.tgz#ec22d312806bb53e731773e7cdaefcf1c643128f"

parsejson@0.0.1:
  version "0.0.1"
  resolved "https://registry.yarnpkg.com/parsejson/-/parsejson-0.0.1.tgz#9b10c6c0d825ab589e685153826de0a3ba278bcc"
  dependencies:
    better-assert "~1.0.0"

parseqs@0.0.2:
  version "0.0.2"
  resolved "https://registry.yarnpkg.com/parseqs/-/parseqs-0.0.2.tgz#9dfe70b2cddac388bde4f35b1f240fa58adbe6c7"
  dependencies:
    better-assert "~1.0.0"

parseuri@0.0.4:
  version "0.0.4"
  resolved "https://registry.yarnpkg.com/parseuri/-/parseuri-0.0.4.tgz#806582a39887e1ea18dd5e2fe0e01902268e9350"
  dependencies:
    better-assert "~1.0.0"

path-is-absolute@^1.0.0:
  version "1.0.1"
  resolved "https://registry.yarnpkg.com/path-is-absolute/-/path-is-absolute-1.0.1.tgz#174b9268735534ffbc7ace6bf53a5a9e1b5c5f5f"

sprintf-js@~1.0.2:
  version "1.0.3"
  resolved "https://registry.yarnpkg.com/sprintf-js/-/sprintf-js-1.0.3.tgz#04e6926f662895354f3dd015203633b857297e2c"

ultron@1.0.x:
  version "1.0.2"
  resolved "https://registry.yarnpkg.com/ultron/-/ultron-1.0.2.tgz#ace116ab557cd197386a4e88f4685378c8b2e4fa"

utf8@2.1.0:
  version "2.1.0"
  resolved "https://registry.yarnpkg.com/utf8/-/utf8-2.1.0.tgz#0cfec5c8052d44a23e3aaa908104e8075f95dfd5"

uws@^0.9.0:
  version "0.9.0"
  resolved "https://registry.yarnpkg.com/uws/-/uws-0.9.0.tgz#199d45766685f14ff3767a657eb2280cbf7e8135"

wrappy@1:
  version "1.0.2"
  resolved "https://registry.yarnpkg.com/wrappy/-/wrappy-1.0.2.tgz#b5243d8f3ec1aa35f1364605bc0d1036e30ab69f"

ws@1.1.0:
  version "1.1.0"
  resolved "https://registry.yarnpkg.com/ws/-/ws-1.1.0.tgz#c1d6fd1515d3ceff1f0ae2759bf5fd77030aad1d"
  dependencies:
    options ">=0.0.5"
    ultron "1.0.x"

ws@1.1.1:
  version "1.1.1"
  resolved "https://registry.yarnpkg.com/ws/-/ws-1.1.1.tgz#082ddb6c641e85d4bb451f03d52f06eabdb1f018"
  dependencies:
    options ">=0.0.5"
    ultron "1.0.x"

wtf-8@1.0.0:
  version "1.0.0"
  resolved "https://registry.yarnpkg.com/wtf-8/-/wtf-8-1.0.0.tgz#392d8ba2d0f1c34d1ee2d630f15d0efb68e1048a"

xmlhttprequest-ssl@1.5.1:
  version "1.5.1"
  resolved "https://registry.yarnpkg.com/xmlhttprequest-ssl/-/xmlhttprequest-ssl-1.5.1.tgz#3b7741fea4a86675976e908d296d4445961faa67"

yeast@0.1.2:
  version "0.1.2"
  resolved "https://registry.yarnpkg.com/yeast/-/yeast-0.1.2.tgz#008e06d8094320c372dbc2f8ed76a0ca6c8ac419"

